
Microsoft Visual Studio Solution File, Format Version 12.00
# Visual Studio Version 16
VisualStudioVersion = 16.0.29409.12
MinimumVisualStudioVersion = 10.0.40219.1
Project("{FAE04EC0-301F-11D3-BF4B-00C04F79EFBC}") = "Lamborghini App", "Lamborghini App.csproj", "{F3423E5F-AB7F-4B61-BCF1-C650D8CBC29B}"
EndProject
Global
	GlobalSection(SolutionConfigurationPlatforms) = preSolution
		Debug|Any CPU = Debug|Any CPU
		Release|Any CPU = Release|Any CPU
	EndGlobalSection
	GlobalSection(ProjectConfigurationPlatforms) = postSolution
		{F3423E5F-AB7F-4B61-BCF1-C650D8CBC29B}.Debug|Any CPU.ActiveCfg = Debug|Any CPU
		{F3423E5F-AB7F-4B61-BCF1-C650D8CBC29B}.Debug|Any CPU.Build.0 = Debug|Any CPU
		{F3423E5F-AB7F-4B61-BCF1-C650D8CBC29B}.Release|Any CPU.ActiveCfg = Release|Any CPU
		{F3423E5F-AB7F-4B61-BCF1-C650D8CBC29B}.Release|Any CPU.Build.0 = Release|Any CPU
	EndGlobalSection
	GlobalSection(SolutionProperties) = preSolution
		HideSolutionNode = FALSE
	EndGlobalSection
	GlobalSection(ExtensibilityGlobals) = postSolution
		SolutionGuid = {8338E0FD-D36D-44D1-B475-E72EC809E204}
	EndGlobalSection
EndGlobal
